
Microsoft Visual Studio Solution File, Format Version 12.00
# Visual Studio 15
VisualStudioVersion = 15.0.28010.2046
MinimumVisualStudioVersion = 10.0.40219.1
Project("{FAE04EC0-301F-11D3-BF4B-00C04F79EFBC}") = "Treningowanko", "Treningowanko\Treningowanko.csproj", "{E7157F77-4ADC-4031-8C27-CB54CE5A738F}"
EndProject
Global
	GlobalSection(SolutionConfigurationPlatforms) = preSolution
		Debug|Any CPU = Debug|Any CPU
		Release|Any CPU = Release|Any CPU
	EndGlobalSection
	GlobalSection(ProjectConfigurationPlatforms) = postSolution
		{E7157F77-4ADC-4031-8C27-CB54CE5A738F}.Debug|Any CPU.ActiveCfg = Debug|Any CPU
		{E7157F77-4ADC-4031-8C27-CB54CE5A738F}.Debug|Any CPU.Build.0 = Debug|Any CPU
		{E7157F77-4ADC-4031-8C27-CB54CE5A738F}.Release|Any CPU.ActiveCfg = Release|Any CPU
		{E7157F77-4ADC-4031-8C27-CB54CE5A738F}.Release|Any CPU.Build.0 = Release|Any CPU
	EndGlobalSection
	GlobalSection(SolutionProperties) = preSolution
		HideSolutionNode = FALSE
	EndGlobalSection
	GlobalSection(ExtensibilityGlobals) = postSolution
		SolutionGuid = {DF971A29-F9E5-4379-9A25-5D83ED3EA7A4}
	EndGlobalSection
EndGlobal
