
Microsoft Visual Studio Solution File, Format Version 12.00
# Visual Studio 15
VisualStudioVersion = 15.0.28010.2046
MinimumVisualStudioVersion = 10.0.40219.1
Project("{FAE04EC0-301F-11D3-BF4B-00C04F79EFBC}") = "DataBaseGenerator", "DataBaseGenerator\DataBaseGenerator.csproj", "{962CC53F-6443-4470-9278-7C69DE065087}"
EndProject
Global
	GlobalSection(SolutionConfigurationPlatforms) = preSolution
		Debug|Any CPU = Debug|Any CPU
		Release|Any CPU = Release|Any CPU
	EndGlobalSection
	GlobalSection(ProjectConfigurationPlatforms) = postSolution
		{962CC53F-6443-4470-9278-7C69DE065087}.Debug|Any CPU.ActiveCfg = Debug|Any CPU
		{962CC53F-6443-4470-9278-7C69DE065087}.Debug|Any CPU.Build.0 = Debug|Any CPU
		{962CC53F-6443-4470-9278-7C69DE065087}.Release|Any CPU.ActiveCfg = Release|Any CPU
		{962CC53F-6443-4470-9278-7C69DE065087}.Release|Any CPU.Build.0 = Release|Any CPU
	EndGlobalSection
	GlobalSection(SolutionProperties) = preSolution
		HideSolutionNode = FALSE
	EndGlobalSection
	GlobalSection(ExtensibilityGlobals) = postSolution
		SolutionGuid = {5E49A6F4-C3A0-44A9-9C20-F01FBF231048}
	EndGlobalSection
EndGlobal
